// !$*UTF8*$!
{
	archiveVersion = 1;
	classes = {
	};
	objectVersion = 46;
	objects = {

/* Begin PBXBuildFile section */
		3652B416BAF9F4E82E86DE20 /* PKMathUtil.m in Sources */ = {isa = PBXBuildFile; fileRef = 3652B5B9AB5F69A9C68515B0 /* PKMathUtil.m */; };
		3652B4AAD7910889DB280D27 /* PKLocaleUtil.m in Sources */ = {isa = PBXBuildFile; fileRef = 3652BB60F4F9E1D1F43CCA92 /* PKLocaleUtil.m */; };
		3652B7C596BDDBF864F88601 /* PKDeviceUtil.m in Sources */ = {isa = PBXBuildFile; fileRef = 3652BEB563A2101DF17A5478 /* PKDeviceUtil.m */; };
		3652B95177B8474F7759728E /* PKDirectoryUtil.m in Sources */ = {isa = PBXBuildFile; fileRef = 3652B039DE9ACA19FC1B4723 /* PKDirectoryUtil.m */; };
		3652B955E2D94E5382793881 /* PKTableViewSectionLocationDelegate.m in Sources */ = {isa = PBXBuildFile; fileRef = 3652B5421F3F5B01805B794E /* PKTableViewSectionLocationDelegate.m */; };
		3652BBFD067AF4A400A38372 /* PKColorUtil.m in Sources */ = {isa = PBXBuildFile; fileRef = 3652BF2F1F538B8D316FEF51 /* PKColorUtil.m */; };
		3652BD28E9B50FC85705A0C6 /* UIKit.framework in Frameworks */ = {isa = PBXBuildFile; fileRef = 3652BB28A873EB69BEB60AC8 /* UIKit.framework */; };
		BBEA1BC1177B144C004AA1E5 /* Foundation.framework in Frameworks */ = {isa = PBXBuildFile; fileRef = BBEA1BC0177B144C004AA1E5 /* Foundation.framework */; };
/* End PBXBuildFile section */

/* Begin PBXCopyFilesBuildPhase section */
		BBEA1BBB177B144C004AA1E5 /* CopyFiles */ = {
			isa = PBXCopyFilesBuildPhase;
			buildActionMask = 2147483647;
			dstPath = "include/${PRODUCT_NAME}";
			dstSubfolderSpec = 16;
			files = (
			);
			runOnlyForDeploymentPostprocessing = 0;
		};
/* End PBXCopyFilesBuildPhase section */

/* Begin PBXFileReference section */
		3652B039DE9ACA19FC1B4723 /* PKDirectoryUtil.m */ = {isa = PBXFileReference; fileEncoding = 4; lastKnownFileType = sourcecode.c.objc; path = PKDirectoryUtil.m; sourceTree = "<group>"; };
		3652B36691B51A856DE20F0C /* PKDirectoryUtil.h */ = {isa = PBXFileReference; fileEncoding = 4; lastKnownFileType = sourcecode.c.h; path = PKDirectoryUtil.h; sourceTree = "<group>"; };
		3652B381D8723BADA5228E94 /* PKMathUtil.h */ = {isa = PBXFileReference; fileEncoding = 4; lastKnownFileType = sourcecode.c.h; path = PKMathUtil.h; sourceTree = "<group>"; };
		3652B3C6AAC4A62D7066423C /* PKLocaleUtil.h */ = {isa = PBXFileReference; fileEncoding = 4; lastKnownFileType = sourcecode.c.h; path = PKLocaleUtil.h; sourceTree = "<group>"; };
		3652B3FB2078E97D2FBD9F2A /* PKDeviceUtil.h */ = {isa = PBXFileReference; fileEncoding = 4; lastKnownFileType = sourcecode.c.h; path = PKDeviceUtil.h; sourceTree = "<group>"; };
		3652B5421F3F5B01805B794E /* PKTableViewSectionLocationDelegate.m */ = {isa = PBXFileReference; fileEncoding = 4; lastKnownFileType = sourcecode.c.objc; path = PKTableViewSectionLocationDelegate.m; sourceTree = "<group>"; };
		3652B5B9AB5F69A9C68515B0 /* PKMathUtil.m */ = {isa = PBXFileReference; fileEncoding = 4; lastKnownFileType = sourcecode.c.objc; path = PKMathUtil.m; sourceTree = "<group>"; };
		3652B6615F457975E96E36DD /* PlexKitDefines.h */ = {isa = PBXFileReference; fileEncoding = 4; lastKnownFileType = sourcecode.c.h; path = PlexKitDefines.h; sourceTree = "<group>"; };
		3652B73EC118330D02AD22A3 /* PKColorUtil.h */ = {isa = PBXFileReference; fileEncoding = 4; lastKnownFileType = sourcecode.c.h; path = PKColorUtil.h; sourceTree = "<group>"; };
		3652BA1EFFD45796A3C01780 /* PlexKit.h */ = {isa = PBXFileReference; fileEncoding = 4; lastKnownFileType = sourcecode.c.h; path = PlexKit.h; sourceTree = "<group>"; };
		3652BB28A873EB69BEB60AC8 /* UIKit.framework */ = {isa = PBXFileReference; lastKnownFileType = wrapper.framework; name = UIKit.framework; path = System/Library/Frameworks/UIKit.framework; sourceTree = SDKROOT; };
		3652BB60F4F9E1D1F43CCA92 /* PKLocaleUtil.m */ = {isa = PBXFileReference; fileEncoding = 4; lastKnownFileType = sourcecode.c.objc; path = PKLocaleUtil.m; sourceTree = "<group>"; };
		3652BC13E1C4F829468EC5FA /* PKTableViewSectionLocationDelegate.h */ = {isa = PBXFileReference; fileEncoding = 4; lastKnownFileType = sourcecode.c.h; path = PKTableViewSectionLocationDelegate.h; sourceTree = "<group>"; };
		3652BEB563A2101DF17A5478 /* PKDeviceUtil.m */ = {isa = PBXFileReference; fileEncoding = 4; lastKnownFileType = sourcecode.c.objc; path = PKDeviceUtil.m; sourceTree = "<group>"; };
		3652BF2F1F538B8D316FEF51 /* PKColorUtil.m */ = {isa = PBXFileReference; fileEncoding = 4; lastKnownFileType = sourcecode.c.objc; path = PKColorUtil.m; sourceTree = "<group>"; };
		BBEA1BBD177B144C004AA1E5 /* libPlexKit.a */ = {isa = PBXFileReference; explicitFileType = archive.ar; includeInIndex = 0; path = libPlexKit.a; sourceTree = BUILT_PRODUCTS_DIR; };
		BBEA1BC0177B144C004AA1E5 /* Foundation.framework */ = {isa = PBXFileReference; lastKnownFileType = wrapper.framework; name = Foundation.framework; path = System/Library/Frameworks/Foundation.framework; sourceTree = SDKROOT; };
		BBEA1BC4177B144C004AA1E5 /* PlexKit-Prefix.pch */ = {isa = PBXFileReference; lastKnownFileType = sourcecode.c.h; path = "PlexKit-Prefix.pch"; sourceTree = "<group>"; };
/* End PBXFileReference section */

/* Begin PBXFrameworksBuildPhase section */
		BBEA1BBA177B144C004AA1E5 /* Frameworks */ = {
			isa = PBXFrameworksBuildPhase;
			buildActionMask = 2147483647;
			files = (
				BBEA1BC1177B144C004AA1E5 /* Foundation.framework in Frameworks */,
				3652BD28E9B50FC85705A0C6 /* UIKit.framework in Frameworks */,
			);
			runOnlyForDeploymentPostprocessing = 0;
		};
/* End PBXFrameworksBuildPhase section */

/* Begin PBXGroup section */
		3652B1E6840FA69C43719702 /* utility */ = {
			isa = PBXGroup;
			children = (
				3652B73EC118330D02AD22A3 /* PKColorUtil.h */,
				3652BF2F1F538B8D316FEF51 /* PKColorUtil.m */,
				3652B5B9AB5F69A9C68515B0 /* PKMathUtil.m */,
				3652B381D8723BADA5228E94 /* PKMathUtil.h */,
				3652B5421F3F5B01805B794E /* PKTableViewSectionLocationDelegate.m */,
				3652BC13E1C4F829468EC5FA /* PKTableViewSectionLocationDelegate.h */,
				3652BEB563A2101DF17A5478 /* PKDeviceUtil.m */,
				3652B3FB2078E97D2FBD9F2A /* PKDeviceUtil.h */,
				3652BB60F4F9E1D1F43CCA92 /* PKLocaleUtil.m */,
				3652B3C6AAC4A62D7066423C /* PKLocaleUtil.h */,
				3652B039DE9ACA19FC1B4723 /* PKDirectoryUtil.m */,
				3652B36691B51A856DE20F0C /* PKDirectoryUtil.h */,
			);
			name = utility;
			sourceTree = "<group>";
		};
		3652BC2AA385A40245564B75 /* core */ = {
			isa = PBXGroup;
			children = (
				3652B6615F457975E96E36DD /* PlexKitDefines.h */,
				3652BA1EFFD45796A3C01780 /* PlexKit.h */,
			);
			name = core;
			sourceTree = "<group>";
		};
		BBEA1BB4177B144C004AA1E5 = {
			isa = PBXGroup;
			children = (
				BBEA1BC2177B144C004AA1E5 /* PlexKit */,
				BBEA1BBF177B144C004AA1E5 /* Frameworks */,
				BBEA1BBE177B144C004AA1E5 /* Products */,
			);
			sourceTree = "<group>";
		};
		BBEA1BBE177B144C004AA1E5 /* Products */ = {
			isa = PBXGroup;
			children = (
				BBEA1BBD177B144C004AA1E5 /* libPlexKit.a */,
			);
			name = Products;
			sourceTree = "<group>";
		};
		BBEA1BBF177B144C004AA1E5 /* Frameworks */ = {
			isa = PBXGroup;
			children = (
				BBEA1BC0177B144C004AA1E5 /* Foundation.framework */,
				3652BB28A873EB69BEB60AC8 /* UIKit.framework */,
			);
			name = Frameworks;
			sourceTree = "<group>";
		};
		BBEA1BC2177B144C004AA1E5 /* PlexKit */ = {
			isa = PBXGroup;
			children = (
				BBEA1BC3177B144C004AA1E5 /* supporting */,
				3652B1E6840FA69C43719702 /* utility */,
				3652BC2AA385A40245564B75 /* core */,
			);
			path = PlexKit;
			sourceTree = "<group>";
		};
		BBEA1BC3177B144C004AA1E5 /* supporting */ = {
			isa = PBXGroup;
			children = (
				BBEA1BC4177B144C004AA1E5 /* PlexKit-Prefix.pch */,
			);
			name = supporting;
			sourceTree = "<group>";
		};
/* End PBXGroup section */

/* Begin PBXNativeTarget section */
		BBEA1BBC177B144C004AA1E5 /* PlexKit */ = {
			isa = PBXNativeTarget;
			buildConfigurationList = BBEA1BCB177B144C004AA1E5 /* Build configuration list for PBXNativeTarget "PlexKit" */;
			buildPhases = (
				BBEA1BB9177B144C004AA1E5 /* Sources */,
				BBEA1BBA177B144C004AA1E5 /* Frameworks */,
				BBEA1BBB177B144C004AA1E5 /* CopyFiles */,
			);
			buildRules = (
			);
			dependencies = (
			);
			name = PlexKit;
			productName = PlexKit;
			productReference = BBEA1BBD177B144C004AA1E5 /* libPlexKit.a */;
			productType = "com.apple.product-type.library.static";
		};
/* End PBXNativeTarget section */

/* Begin PBXProject section */
		BBEA1BB5177B144C004AA1E5 /* Project object */ = {
			isa = PBXProject;
			attributes = {
				LastUpgradeCheck = 0460;
				ORGANIZATIONNAME = "Till Hagger";
			};
			buildConfigurationList = BBEA1BB8177B144C004AA1E5 /* Build configuration list for PBXProject "PlexKit" */;
			compatibilityVersion = "Xcode 3.2";
			developmentRegion = English;
			hasScannedForEncodings = 0;
			knownRegions = (
				en,
			);
			mainGroup = BBEA1BB4177B144C004AA1E5;
			productRefGroup = BBEA1BBE177B144C004AA1E5 /* Products */;
			projectDirPath = "";
			projectRoot = "";
			targets = (
				BBEA1BBC177B144C004AA1E5 /* PlexKit */,
			);
		};
/* End PBXProject section */

/* Begin PBXSourcesBuildPhase section */
		BBEA1BB9177B144C004AA1E5 /* Sources */ = {
			isa = PBXSourcesBuildPhase;
			buildActionMask = 2147483647;
			files = (
				3652BBFD067AF4A400A38372 /* PKColorUtil.m in Sources */,
				3652B416BAF9F4E82E86DE20 /* PKMathUtil.m in Sources */,
				3652B955E2D94E5382793881 /* PKTableViewSectionLocationDelegate.m in Sources */,
				3652B7C596BDDBF864F88601 /* PKDeviceUtil.m in Sources */,
				3652B4AAD7910889DB280D27 /* PKLocaleUtil.m in Sources */,
				3652B95177B8474F7759728E /* PKDirectoryUtil.m in Sources */,
			);
			runOnlyForDeploymentPostprocessing = 0;
		};
/* End PBXSourcesBuildPhase section */

/* Begin XCBuildConfiguration section */
		BBEA1BC9177B144C004AA1E5 /* Debug */ = {
			isa = XCBuildConfiguration;
			buildSettings = {
				ALWAYS_SEARCH_USER_PATHS = NO;
				CLANG_CXX_LANGUAGE_STANDARD = "gnu++0x";
				CLANG_CXX_LIBRARY = "libc++";
				CLANG_ENABLE_OBJC_ARC = YES;
				CLANG_WARN_CONSTANT_CONVERSION = YES;
				CLANG_WARN_EMPTY_BODY = YES;
				CLANG_WARN_ENUM_CONVERSION = YES;
				CLANG_WARN_INT_CONVERSION = YES;
				CLANG_WARN__DUPLICATE_METHOD_MATCH = YES;
				COPY_PHASE_STRIP = NO;
				GCC_C_LANGUAGE_STANDARD = gnu99;
				GCC_DYNAMIC_NO_PIC = NO;
				GCC_OPTIMIZATION_LEVEL = 0;
				GCC_PREPROCESSOR_DEFINITIONS = (
					"DEBUG=1",
					"$(inherited)",
				);
				GCC_SYMBOLS_PRIVATE_EXTERN = NO;
				GCC_WARN_ABOUT_RETURN_TYPE = YES;
				GCC_WARN_UNINITIALIZED_AUTOS = YES;
				GCC_WARN_UNUSED_VARIABLE = YES;
				IPHONEOS_DEPLOYMENT_TARGET = 6.1;
				ONLY_ACTIVE_ARCH = YES;
				SDKROOT = iphoneos;
			};
			name = Debug;
		};
		BBEA1BCA177B144C004AA1E5 /* Release */ = {
			isa = XCBuildConfiguration;
			buildSettings = {
				ALWAYS_SEARCH_USER_PATHS = NO;
				CLANG_CXX_LANGUAGE_STANDARD = "gnu++0x";
				CLANG_CXX_LIBRARY = "libc++";
				CLANG_ENABLE_OBJC_ARC = YES;
				CLANG_WARN_CONSTANT_CONVERSION = YES;
				CLANG_WARN_EMPTY_BODY = YES;
				CLANG_WARN_ENUM_CONVERSION = YES;
				CLANG_WARN_INT_CONVERSION = YES;
				CLANG_WARN__DUPLICATE_METHOD_MATCH = YES;
				COPY_PHASE_STRIP = YES;
				GCC_C_LANGUAGE_STANDARD = gnu99;
				GCC_WARN_ABOUT_RETURN_TYPE = YES;
				GCC_WARN_UNINITIALIZED_AUTOS = YES;
				GCC_WARN_UNUSED_VARIABLE = YES;
				IPHONEOS_DEPLOYMENT_TARGET = 6.1;
				SDKROOT = iphoneos;
				VALIDATE_PRODUCT = YES;
			};
			name = Release;
		};
		BBEA1BCC177B144C004AA1E5 /* Debug */ = {
			isa = XCBuildConfiguration;
			buildSettings = {
				DSTROOT = /tmp/PlexKit.dst;
				GCC_PRECOMPILE_PREFIX_HEADER = YES;
				GCC_PREFIX_HEADER = "PlexKit/PlexKit-Prefix.pch";
				OTHER_LDFLAGS = "-ObjC";
				PRODUCT_NAME = "$(TARGET_NAME)";
				SKIP_INSTALL = YES;
			};
			name = Debug;
		};
		BBEA1BCD177B144C004AA1E5 /* Release */ = {
			isa = XCBuildConfiguration;
			buildSettings = {
				DSTROOT = /tmp/PlexKit.dst;
				GCC_PRECOMPILE_PREFIX_HEADER = YES;
				GCC_PREFIX_HEADER = "PlexKit/PlexKit-Prefix.pch";
				OTHER_LDFLAGS = "-ObjC";
				PRODUCT_NAME = "$(TARGET_NAME)";
				SKIP_INSTALL = YES;
			};
			name = Release;
		};
/* End XCBuildConfiguration section */

/* Begin XCConfigurationList section */
		BBEA1BB8177B144C004AA1E5 /* Build configuration list for PBXProject "PlexKit" */ = {
			isa = XCConfigurationList;
			buildConfigurations = (
				BBEA1BC9177B144C004AA1E5 /* Debug */,
				BBEA1BCA177B144C004AA1E5 /* Release */,
			);
			defaultConfigurationIsVisible = 0;
			defaultConfigurationName = Release;
		};
		BBEA1BCB177B144C004AA1E5 /* Build configuration list for PBXNativeTarget "PlexKit" */ = {
			isa = XCConfigurationList;
			buildConfigurations = (
				BBEA1BCC177B144C004AA1E5 /* Debug */,
				BBEA1BCD177B144C004AA1E5 /* Release */,
			);
			defaultConfigurationIsVisible = 0;
		};
/* End XCConfigurationList section */
	};
	rootObject = BBEA1BB5177B144C004AA1E5 /* Project object */;
}
